// !$*UTF8*$!
{
	archiveVersion = 1;
	classes = {
	};
	objectVersion = 50;
	objects = {

/* Begin PBXBuildFile section */
		21C77DB025372225446FB7ED /* Pods_MealPlannerUITests.framework in Frameworks */ = {isa = PBXBuildFile; fileRef = 6ED471EA270A760FDF655DF1 /* Pods_MealPlannerUITests.framework */; };
		A2E8F0F31EBE5578AB3BC01C /* Pods_MealPlanner.framework in Frameworks */ = {isa = PBXBuildFile; fileRef = CB07E34A5CDFD27A5DF99A2E /* Pods_MealPlanner.framework */; };
		C0FAA0E1223AD0FF00107622 /* AppDelegate.swift in Sources */ = {isa = PBXBuildFile; fileRef = C0FAA0E0223AD0FF00107622 /* AppDelegate.swift */; };
		C0FAA0E3223AD0FF00107622 /* ViewController.swift in Sources */ = {isa = PBXBuildFile; fileRef = C0FAA0E2223AD0FF00107622 /* ViewController.swift */; };
		C0FAA0E6223AD0FF00107622 /* Main.storyboard in Resources */ = {isa = PBXBuildFile; fileRef = C0FAA0E4223AD0FF00107622 /* Main.storyboard */; };
		C0FAA0E9223AD0FF00107622 /* MealPlanner.xcdatamodeld in Sources */ = {isa = PBXBuildFile; fileRef = C0FAA0E7223AD0FF00107622 /* MealPlanner.xcdatamodeld */; };
		C0FAA0EB223AD10000107622 /* Assets.xcassets in Resources */ = {isa = PBXBuildFile; fileRef = C0FAA0EA223AD10000107622 /* Assets.xcassets */; };
		C0FAA0EE223AD10000107622 /* LaunchScreen.storyboard in Resources */ = {isa = PBXBuildFile; fileRef = C0FAA0EC223AD10000107622 /* LaunchScreen.storyboard */; };
		C0FAA0F9223AD10000107622 /* MealPlannerTests.swift in Sources */ = {isa = PBXBuildFile; fileRef = C0FAA0F8223AD10000107622 /* MealPlannerTests.swift */; };
		C0FAA104223AD10100107622 /* MealPlannerUITests.swift in Sources */ = {isa = PBXBuildFile; fileRef = C0FAA103223AD10100107622 /* MealPlannerUITests.swift */; };
		C0FAA112223ADF6E00107622 /* Recipe.swift in Sources */ = {isa = PBXBuildFile; fileRef = C0FAA111223ADF6E00107622 /* Recipe.swift */; };
		C0FAA115223AF77B00107622 /* HomeBottomControlsStackView.swift in Sources */ = {isa = PBXBuildFile; fileRef = C0FAA114223AF77B00107622 /* HomeBottomControlsStackView.swift */; };
		C0FAA118223AFB1A00107622 /* Extensions+UIView.swift in Sources */ = {isa = PBXBuildFile; fileRef = C0FAA117223AFB1A00107622 /* Extensions+UIView.swift */; };
		C0FAA11A223B119C00107622 /* HomeTopNavStackView.swift in Sources */ = {isa = PBXBuildFile; fileRef = C0FAA119223B119C00107622 /* HomeTopNavStackView.swift */; };
		C0FAA11C223B36EB00107622 /* RecipeCardView.swift in Sources */ = {isa = PBXBuildFile; fileRef = C0FAA11B223B36EB00107622 /* RecipeCardView.swift */; };
		C0FAA11F223B59EE00107622 /* User.swift in Sources */ = {isa = PBXBuildFile; fileRef = C0FAA11E223B59EE00107622 /* User.swift */; };
		C0FAA123223B677C00107622 /* RecipeCardViewModel.swift in Sources */ = {isa = PBXBuildFile; fileRef = C0FAA122223B677C00107622 /* RecipeCardViewModel.swift */; };
		C0FAA125223C36B100107622 /* UserRegistrationViewController.swift in Sources */ = {isa = PBXBuildFile; fileRef = C0FAA124223C36B100107622 /* UserRegistrationViewController.swift */; };
		C0FAA127223C429F00107622 /* CustomTextField.swift in Sources */ = {isa = PBXBuildFile; fileRef = C0FAA126223C429F00107622 /* CustomTextField.swift */; };
		C0FAA129223C8CEC00107622 /* RegistrationViewModel.swift in Sources */ = {isa = PBXBuildFile; fileRef = C0FAA128223C8CEC00107622 /* RegistrationViewModel.swift */; };
		C0FAA12B223CB53400107622 /* GoogleService-Info.plist in Resources */ = {isa = PBXBuildFile; fileRef = C0FAA12A223CB53400107622 /* GoogleService-Info.plist */; };
		C0FAA12D223D619D00107622 /* Bindable.swift in Sources */ = {isa = PBXBuildFile; fileRef = C0FAA12C223D619D00107622 /* Bindable.swift */; };
		C91AB7FA9203A13D568F8884 /* Pods_MealPlannerTests.framework in Frameworks */ = {isa = PBXBuildFile; fileRef = C78865EE83DA4BF1E7CD179F /* Pods_MealPlannerTests.framework */; };
/* End PBXBuildFile section */

/* Begin PBXContainerItemProxy section */
		C0FAA0F5223AD10000107622 /* PBXContainerItemProxy */ = {
			isa = PBXContainerItemProxy;
			containerPortal = C0FAA0D5223AD0FF00107622 /* Project object */;
			proxyType = 1;
			remoteGlobalIDString = C0FAA0DC223AD0FF00107622;
			remoteInfo = MealPlanner;
		};
		C0FAA100223AD10000107622 /* PBXContainerItemProxy */ = {
			isa = PBXContainerItemProxy;
			containerPortal = C0FAA0D5223AD0FF00107622 /* Project object */;
			proxyType = 1;
			remoteGlobalIDString = C0FAA0DC223AD0FF00107622;
			remoteInfo = MealPlanner;
		};
/* End PBXContainerItemProxy section */

/* Begin PBXFileReference section */
		486A15C7A309A0DD3A0D9460 /* Pods-MealPlannerTests.debug.xcconfig */ = {isa = PBXFileReference; includeInIndex = 1; lastKnownFileType = text.xcconfig; name = "Pods-MealPlannerTests.debug.xcconfig"; path = "Pods/Target Support Files/Pods-MealPlannerTests/Pods-MealPlannerTests.debug.xcconfig"; sourceTree = "<group>"; };
		4C545228835D837FCAB4D871 /* Pods-MealPlannerTests.release.xcconfig */ = {isa = PBXFileReference; includeInIndex = 1; lastKnownFileType = text.xcconfig; name = "Pods-MealPlannerTests.release.xcconfig"; path = "Pods/Target Support Files/Pods-MealPlannerTests/Pods-MealPlannerTests.release.xcconfig"; sourceTree = "<group>"; };
		6ED471EA270A760FDF655DF1 /* Pods_MealPlannerUITests.framework */ = {isa = PBXFileReference; explicitFileType = wrapper.framework; includeInIndex = 0; path = Pods_MealPlannerUITests.framework; sourceTree = BUILT_PRODUCTS_DIR; };
		7872F6B380DA9A753FFAAFE2 /* Pods-MealPlannerUITests.debug.xcconfig */ = {isa = PBXFileReference; includeInIndex = 1; lastKnownFileType = text.xcconfig; name = "Pods-MealPlannerUITests.debug.xcconfig"; path = "Pods/Target Support Files/Pods-MealPlannerUITests/Pods-MealPlannerUITests.debug.xcconfig"; sourceTree = "<group>"; };
		98CB30CB1928837DBD6436BA /* Pods-MealPlanner.release.xcconfig */ = {isa = PBXFileReference; includeInIndex = 1; lastKnownFileType = text.xcconfig; name = "Pods-MealPlanner.release.xcconfig"; path = "Pods/Target Support Files/Pods-MealPlanner/Pods-MealPlanner.release.xcconfig"; sourceTree = "<group>"; };
		A92BB695AE8C5C00DE3A7FDF /* Pods-MealPlanner.debug.xcconfig */ = {isa = PBXFileReference; includeInIndex = 1; lastKnownFileType = text.xcconfig; name = "Pods-MealPlanner.debug.xcconfig"; path = "Pods/Target Support Files/Pods-MealPlanner/Pods-MealPlanner.debug.xcconfig"; sourceTree = "<group>"; };
		C0FAA0DD223AD0FF00107622 /* MealPlanner.app */ = {isa = PBXFileReference; explicitFileType = wrapper.application; includeInIndex = 0; path = MealPlanner.app; sourceTree = BUILT_PRODUCTS_DIR; };
		C0FAA0E0223AD0FF00107622 /* AppDelegate.swift */ = {isa = PBXFileReference; lastKnownFileType = sourcecode.swift; path = AppDelegate.swift; sourceTree = "<group>"; };
		C0FAA0E2223AD0FF00107622 /* ViewController.swift */ = {isa = PBXFileReference; lastKnownFileType = sourcecode.swift; path = ViewController.swift; sourceTree = "<group>"; };
		C0FAA0E5223AD0FF00107622 /* Base */ = {isa = PBXFileReference; lastKnownFileType = file.storyboard; name = Base; path = Base.lproj/Main.storyboard; sourceTree = "<group>"; };
		C0FAA0E8223AD0FF00107622 /* MealPlanner.xcdatamodel */ = {isa = PBXFileReference; lastKnownFileType = wrapper.xcdatamodel; path = MealPlanner.xcdatamodel; sourceTree = "<group>"; };
		C0FAA0EA223AD10000107622 /* Assets.xcassets */ = {isa = PBXFileReference; lastKnownFileType = folder.assetcatalog; path = Assets.xcassets; sourceTree = "<group>"; };
		C0FAA0ED223AD10000107622 /* Base */ = {isa = PBXFileReference; lastKnownFileType = file.storyboard; name = Base; path = Base.lproj/LaunchScreen.storyboard; sourceTree = "<group>"; };
		C0FAA0EF223AD10000107622 /* Info.plist */ = {isa = PBXFileReference; lastKnownFileType = text.plist.xml; path = Info.plist; sourceTree = "<group>"; };
		C0FAA0F4223AD10000107622 /* MealPlannerTests.xctest */ = {isa = PBXFileReference; explicitFileType = wrapper.cfbundle; includeInIndex = 0; path = MealPlannerTests.xctest; sourceTree = BUILT_PRODUCTS_DIR; };
		C0FAA0F8223AD10000107622 /* MealPlannerTests.swift */ = {isa = PBXFileReference; lastKnownFileType = sourcecode.swift; path = MealPlannerTests.swift; sourceTree = "<group>"; };
		C0FAA0FA223AD10000107622 /* Info.plist */ = {isa = PBXFileReference; lastKnownFileType = text.plist.xml; path = Info.plist; sourceTree = "<group>"; };
		C0FAA0FF223AD10000107622 /* MealPlannerUITests.xctest */ = {isa = PBXFileReference; explicitFileType = wrapper.cfbundle; includeInIndex = 0; path = MealPlannerUITests.xctest; sourceTree = BUILT_PRODUCTS_DIR; };
		C0FAA103223AD10100107622 /* MealPlannerUITests.swift */ = {isa = PBXFileReference; lastKnownFileType = sourcecode.swift; path = MealPlannerUITests.swift; sourceTree = "<group>"; };
		C0FAA105223AD10100107622 /* Info.plist */ = {isa = PBXFileReference; lastKnownFileType = text.plist.xml; path = Info.plist; sourceTree = "<group>"; };
		C0FAA111223ADF6E00107622 /* Recipe.swift */ = {isa = PBXFileReference; lastKnownFileType = sourcecode.swift; path = Recipe.swift; sourceTree = "<group>"; };
		C0FAA114223AF77B00107622 /* HomeBottomControlsStackView.swift */ = {isa = PBXFileReference; lastKnownFileType = sourcecode.swift; path = HomeBottomControlsStackView.swift; sourceTree = "<group>"; };
		C0FAA117223AFB1A00107622 /* Extensions+UIView.swift */ = {isa = PBXFileReference; fileEncoding = 4; lastKnownFileType = sourcecode.swift; path = "Extensions+UIView.swift"; sourceTree = "<group>"; };
		C0FAA119223B119C00107622 /* HomeTopNavStackView.swift */ = {isa = PBXFileReference; lastKnownFileType = sourcecode.swift; path = HomeTopNavStackView.swift; sourceTree = "<group>"; };
		C0FAA11B223B36EB00107622 /* RecipeCardView.swift */ = {isa = PBXFileReference; lastKnownFileType = sourcecode.swift; path = RecipeCardView.swift; sourceTree = "<group>"; };
		C0FAA11E223B59EE00107622 /* User.swift */ = {isa = PBXFileReference; lastKnownFileType = sourcecode.swift; path = User.swift; sourceTree = "<group>"; };
		C0FAA122223B677C00107622 /* RecipeCardViewModel.swift */ = {isa = PBXFileReference; lastKnownFileType = sourcecode.swift; path = RecipeCardViewModel.swift; sourceTree = "<group>"; };
		C0FAA124223C36B100107622 /* UserRegistrationViewController.swift */ = {isa = PBXFileReference; lastKnownFileType = sourcecode.swift; path = UserRegistrationViewController.swift; sourceTree = "<group>"; };
		C0FAA126223C429F00107622 /* CustomTextField.swift */ = {isa = PBXFileReference; lastKnownFileType = sourcecode.swift; path = CustomTextField.swift; sourceTree = "<group>"; };
		C0FAA128223C8CEC00107622 /* RegistrationViewModel.swift */ = {isa = PBXFileReference; lastKnownFileType = sourcecode.swift; path = RegistrationViewModel.swift; sourceTree = "<group>"; };
		C0FAA12A223CB53400107622 /* GoogleService-Info.plist */ = {isa = PBXFileReference; fileEncoding = 4; lastKnownFileType = text.plist.xml; path = "GoogleService-Info.plist"; sourceTree = "<group>"; };
		C0FAA12C223D619D00107622 /* Bindable.swift */ = {isa = PBXFileReference; lastKnownFileType = sourcecode.swift; path = Bindable.swift; sourceTree = "<group>"; };
		C78865EE83DA4BF1E7CD179F /* Pods_MealPlannerTests.framework */ = {isa = PBXFileReference; explicitFileType = wrapper.framework; includeInIndex = 0; path = Pods_MealPlannerTests.framework; sourceTree = BUILT_PRODUCTS_DIR; };
		CB07E34A5CDFD27A5DF99A2E /* Pods_MealPlanner.framework */ = {isa = PBXFileReference; explicitFileType = wrapper.framework; includeInIndex = 0; path = Pods_MealPlanner.framework; sourceTree = BUILT_PRODUCTS_DIR; };
		DD26263407B2B548BBC78061 /* Pods-MealPlannerUITests.release.xcconfig */ = {isa = PBXFileReference; includeInIndex = 1; lastKnownFileType = text.xcconfig; name = "Pods-MealPlannerUITests.release.xcconfig"; path = "Pods/Target Support Files/Pods-MealPlannerUITests/Pods-MealPlannerUITests.release.xcconfig"; sourceTree = "<group>"; };
/* End PBXFileReference section */

/* Begin PBXFrameworksBuildPhase section */
		C0FAA0DA223AD0FF00107622 /* Frameworks */ = {
			isa = PBXFrameworksBuildPhase;
			buildActionMask = 2147483647;
			files = (
				A2E8F0F31EBE5578AB3BC01C /* Pods_MealPlanner.framework in Frameworks */,
			);
			runOnlyForDeploymentPostprocessing = 0;
		};
		C0FAA0F1223AD10000107622 /* Frameworks */ = {
			isa = PBXFrameworksBuildPhase;
			buildActionMask = 2147483647;
			files = (
				C91AB7FA9203A13D568F8884 /* Pods_MealPlannerTests.framework in Frameworks */,
			);
			runOnlyForDeploymentPostprocessing = 0;
		};
		C0FAA0FC223AD10000107622 /* Frameworks */ = {
			isa = PBXFrameworksBuildPhase;
			buildActionMask = 2147483647;
			files = (
				21C77DB025372225446FB7ED /* Pods_MealPlannerUITests.framework in Frameworks */,
			);
			runOnlyForDeploymentPostprocessing = 0;
		};
/* End PBXFrameworksBuildPhase section */

/* Begin PBXGroup section */
		C0FAA0D4223AD0FF00107622 = {
			isa = PBXGroup;
			children = (
				C0FAA0DF223AD0FF00107622 /* MealPlanner */,
				C0FAA0F7223AD10000107622 /* MealPlannerTests */,
				C0FAA102223AD10100107622 /* MealPlannerUITests */,
				C0FAA0DE223AD0FF00107622 /* Products */,
				E142624628932E2A72C8680C /* Pods */,
				C1C7B84B3706083E1F5DB360 /* Frameworks */,
			);
			sourceTree = "<group>";
		};
		C0FAA0DE223AD0FF00107622 /* Products */ = {
			isa = PBXGroup;
			children = (
				C0FAA0DD223AD0FF00107622 /* MealPlanner.app */,
				C0FAA0F4223AD10000107622 /* MealPlannerTests.xctest */,
				C0FAA0FF223AD10000107622 /* MealPlannerUITests.xctest */,
			);
			name = Products;
			sourceTree = "<group>";
		};
		C0FAA0DF223AD0FF00107622 /* MealPlanner */ = {
			isa = PBXGroup;
			children = (
				C0FAA121223B675D00107622 /* viewModels */,
				C0FAA120223B64E100107622 /* Controllers */,
				C0FAA11D223B59C400107622 /* Model */,
				C0FAA116223AFAD900107622 /* Extensions */,
				C0FAA113223AF71F00107622 /* Views */,
				C0FAA0E0223AD0FF00107622 /* AppDelegate.swift */,
				C0FAA0E4223AD0FF00107622 /* Main.storyboard */,
				C0FAA0EA223AD10000107622 /* Assets.xcassets */,
				C0FAA0EC223AD10000107622 /* LaunchScreen.storyboard */,
				C0FAA0EF223AD10000107622 /* Info.plist */,
				C0FAA12A223CB53400107622 /* GoogleService-Info.plist */,
				C0FAA0E7223AD0FF00107622 /* MealPlanner.xcdatamodeld */,
			);
			path = MealPlanner;
			sourceTree = "<group>";
		};
		C0FAA0F7223AD10000107622 /* MealPlannerTests */ = {
			isa = PBXGroup;
			children = (
				C0FAA0F8223AD10000107622 /* MealPlannerTests.swift */,
				C0FAA0FA223AD10000107622 /* Info.plist */,
			);
			path = MealPlannerTests;
			sourceTree = "<group>";
		};
		C0FAA102223AD10100107622 /* MealPlannerUITests */ = {
			isa = PBXGroup;
			children = (
				C0FAA103223AD10100107622 /* MealPlannerUITests.swift */,
				C0FAA105223AD10100107622 /* Info.plist */,
			);
			path = MealPlannerUITests;
			sourceTree = "<group>";
		};
		C0FAA113223AF71F00107622 /* Views */ = {
			isa = PBXGroup;
			children = (
				C0FAA114223AF77B00107622 /* HomeBottomControlsStackView.swift */,
				C0FAA119223B119C00107622 /* HomeTopNavStackView.swift */,
				C0FAA11B223B36EB00107622 /* RecipeCardView.swift */,
				C0FAA126223C429F00107622 /* CustomTextField.swift */,
			);
			path = Views;
			sourceTree = "<group>";
		};
		C0FAA116223AFAD900107622 /* Extensions */ = {
			isa = PBXGroup;
			children = (
				C0FAA117223AFB1A00107622 /* Extensions+UIView.swift */,
			);
			path = Extensions;
			sourceTree = "<group>";
		};
		C0FAA11D223B59C400107622 /* Model */ = {
			isa = PBXGroup;
			children = (
				C0FAA111223ADF6E00107622 /* Recipe.swift */,
				C0FAA11E223B59EE00107622 /* User.swift */,
			);
			path = Model;
			sourceTree = "<group>";
		};
		C0FAA120223B64E100107622 /* Controllers */ = {
			isa = PBXGroup;
			children = (
				C0FAA0E2223AD0FF00107622 /* ViewController.swift */,
				C0FAA124223C36B100107622 /* UserRegistrationViewController.swift */,
				C0FAA12C223D619D00107622 /* Bindable.swift */,
			);
			path = Controllers;
			sourceTree = "<group>";
		};
		C0FAA121223B675D00107622 /* viewModels */ = {
			isa = PBXGroup;
			children = (
				C0FAA122223B677C00107622 /* RecipeCardViewModel.swift */,
				C0FAA128223C8CEC00107622 /* RegistrationViewModel.swift */,
			);
			path = viewModels;
			sourceTree = "<group>";
		};
		C1C7B84B3706083E1F5DB360 /* Frameworks */ = {
			isa = PBXGroup;
			children = (
				CB07E34A5CDFD27A5DF99A2E /* Pods_MealPlanner.framework */,
				C78865EE83DA4BF1E7CD179F /* Pods_MealPlannerTests.framework */,
				6ED471EA270A760FDF655DF1 /* Pods_MealPlannerUITests.framework */,
			);
			name = Frameworks;
			sourceTree = "<group>";
		};
		E142624628932E2A72C8680C /* Pods */ = {
			isa = PBXGroup;
			children = (
				A92BB695AE8C5C00DE3A7FDF /* Pods-MealPlanner.debug.xcconfig */,
				98CB30CB1928837DBD6436BA /* Pods-MealPlanner.release.xcconfig */,
				486A15C7A309A0DD3A0D9460 /* Pods-MealPlannerTests.debug.xcconfig */,
				4C545228835D837FCAB4D871 /* Pods-MealPlannerTests.release.xcconfig */,
				7872F6B380DA9A753FFAAFE2 /* Pods-MealPlannerUITests.debug.xcconfig */,
				DD26263407B2B548BBC78061 /* Pods-MealPlannerUITests.release.xcconfig */,
			);
			name = Pods;
			sourceTree = "<group>";
		};
/* End PBXGroup section */

/* Begin PBXNativeTarget section */
		C0FAA0DC223AD0FF00107622 /* MealPlanner */ = {
			isa = PBXNativeTarget;
			buildConfigurationList = C0FAA108223AD10100107622 /* Build configuration list for PBXNativeTarget "MealPlanner" */;
			buildPhases = (
				8D5B20EA74BFEEE6C6E9A0C0 /* [CP] Check Pods Manifest.lock */,
				C0FAA0D9223AD0FF00107622 /* Sources */,
				C0FAA0DA223AD0FF00107622 /* Frameworks */,
				C0FAA0DB223AD0FF00107622 /* Resources */,
				9D12DDE1EFCD448F10F61180 /* [CP] Embed Pods Frameworks */,
			);
			buildRules = (
			);
			dependencies = (
			);
			name = MealPlanner;
			productName = MealPlanner;
			productReference = C0FAA0DD223AD0FF00107622 /* MealPlanner.app */;
			productType = "com.apple.product-type.application";
		};
		C0FAA0F3223AD10000107622 /* MealPlannerTests */ = {
			isa = PBXNativeTarget;
			buildConfigurationList = C0FAA10B223AD10100107622 /* Build configuration list for PBXNativeTarget "MealPlannerTests" */;
			buildPhases = (
				AB7C023701A6819536E184E2 /* [CP] Check Pods Manifest.lock */,
				C0FAA0F0223AD10000107622 /* Sources */,
				C0FAA0F1223AD10000107622 /* Frameworks */,
				C0FAA0F2223AD10000107622 /* Resources */,
			);
			buildRules = (
			);
			dependencies = (
				C0FAA0F6223AD10000107622 /* PBXTargetDependency */,
			);
			name = MealPlannerTests;
			productName = MealPlannerTests;
			productReference = C0FAA0F4223AD10000107622 /* MealPlannerTests.xctest */;
			productType = "com.apple.product-type.bundle.unit-test";
		};
		C0FAA0FE223AD10000107622 /* MealPlannerUITests */ = {
			isa = PBXNativeTarget;
			buildConfigurationList = C0FAA10E223AD10100107622 /* Build configuration list for PBXNativeTarget "MealPlannerUITests" */;
			buildPhases = (
				FA0ABC23395820DEB8EDD1CC /* [CP] Check Pods Manifest.lock */,
				C0FAA0FB223AD10000107622 /* Sources */,
				C0FAA0FC223AD10000107622 /* Frameworks */,
				C0FAA0FD223AD10000107622 /* Resources */,
			);
			buildRules = (
			);
			dependencies = (
				C0FAA101223AD10000107622 /* PBXTargetDependency */,
			);
			name = MealPlannerUITests;
			productName = MealPlannerUITests;
			productReference = C0FAA0FF223AD10000107622 /* MealPlannerUITests.xctest */;
			productType = "com.apple.product-type.bundle.ui-testing";
		};
/* End PBXNativeTarget section */

/* Begin PBXProject section */
		C0FAA0D5223AD0FF00107622 /* Project object */ = {
			isa = PBXProject;
			attributes = {
				LastSwiftUpdateCheck = 1010;
				LastUpgradeCheck = 1010;
				ORGANIZATIONNAME = "Zachery Miller";
				TargetAttributes = {
					C0FAA0DC223AD0FF00107622 = {
						CreatedOnToolsVersion = 10.1;
					};
					C0FAA0F3223AD10000107622 = {
						CreatedOnToolsVersion = 10.1;
						TestTargetID = C0FAA0DC223AD0FF00107622;
					};
					C0FAA0FE223AD10000107622 = {
						CreatedOnToolsVersion = 10.1;
						TestTargetID = C0FAA0DC223AD0FF00107622;
					};
				};
			};
			buildConfigurationList = C0FAA0D8223AD0FF00107622 /* Build configuration list for PBXProject "MealPlanner" */;
			compatibilityVersion = "Xcode 9.3";
			developmentRegion = en;
			hasScannedForEncodings = 0;
			knownRegions = (
				en,
				Base,
			);
			mainGroup = C0FAA0D4223AD0FF00107622;
			productRefGroup = C0FAA0DE223AD0FF00107622 /* Products */;
			projectDirPath = "";
			projectRoot = "";
			targets = (
				C0FAA0DC223AD0FF00107622 /* MealPlanner */,
				C0FAA0F3223AD10000107622 /* MealPlannerTests */,
				C0FAA0FE223AD10000107622 /* MealPlannerUITests */,
			);
		};
/* End PBXProject section */

/* Begin PBXResourcesBuildPhase section */
		C0FAA0DB223AD0FF00107622 /* Resources */ = {
			isa = PBXResourcesBuildPhase;
			buildActionMask = 2147483647;
			files = (
				C0FAA0EE223AD10000107622 /* LaunchScreen.storyboard in Resources */,
				C0FAA12B223CB53400107622 /* GoogleService-Info.plist in Resources */,
				C0FAA0EB223AD10000107622 /* Assets.xcassets in Resources */,
				C0FAA0E6223AD0FF00107622 /* Main.storyboard in Resources */,
			);
			runOnlyForDeploymentPostprocessing = 0;
		};
		C0FAA0F2223AD10000107622 /* Resources */ = {
			isa = PBXResourcesBuildPhase;
			buildActionMask = 2147483647;
			files = (
			);
			runOnlyForDeploymentPostprocessing = 0;
		};
		C0FAA0FD223AD10000107622 /* Resources */ = {
			isa = PBXResourcesBuildPhase;
			buildActionMask = 2147483647;
			files = (
			);
			runOnlyForDeploymentPostprocessing = 0;
		};
/* End PBXResourcesBuildPhase section */

/* Begin PBXShellScriptBuildPhase section */
		8D5B20EA74BFEEE6C6E9A0C0 /* [CP] Check Pods Manifest.lock */ = {
			isa = PBXShellScriptBuildPhase;
			buildActionMask = 2147483647;
			files = (
			);
			inputPaths = (
				"${PODS_PODFILE_DIR_PATH}/Podfile.lock",
				"${PODS_ROOT}/Manifest.lock",
			);
			name = "[CP] Check Pods Manifest.lock";
			outputPaths = (
				"$(DERIVED_FILE_DIR)/Pods-MealPlanner-checkManifestLockResult.txt",
			);
			runOnlyForDeploymentPostprocessing = 0;
			shellPath = /bin/sh;
			shellScript = "diff \"${PODS_PODFILE_DIR_PATH}/Podfile.lock\" \"${PODS_ROOT}/Manifest.lock\" > /dev/null\nif [ $? != 0 ] ; then\n    # print error to STDERR\n    echo \"error: The sandbox is not in sync with the Podfile.lock. Run 'pod install' or update your CocoaPods installation.\" >&2\n    exit 1\nfi\n# This output is used by Xcode 'outputs' to avoid re-running this script phase.\necho \"SUCCESS\" > \"${SCRIPT_OUTPUT_FILE_0}\"\n";
			showEnvVarsInLog = 0;
		};
		9D12DDE1EFCD448F10F61180 /* [CP] Embed Pods Frameworks */ = {
			isa = PBXShellScriptBuildPhase;
			buildActionMask = 2147483647;
			files = (
			);
			inputPaths = (
				"${SRCROOT}/Pods/Target Support Files/Pods-MealPlanner/Pods-MealPlanner-frameworks.sh",
				"${BUILT_PRODUCTS_DIR}/BoringSSL-GRPC/openssl_grpc.framework",
				"${BUILT_PRODUCTS_DIR}/GTMSessionFetcher/GTMSessionFetcher.framework",
				"${BUILT_PRODUCTS_DIR}/GoogleUtilities/GoogleUtilities.framework",
				"${BUILT_PRODUCTS_DIR}/JGProgressHUD/JGProgressHUD.framework",
				"${BUILT_PRODUCTS_DIR}/Protobuf/Protobuf.framework",
				"${BUILT_PRODUCTS_DIR}/SDWebImage/SDWebImage.framework",
				"${BUILT_PRODUCTS_DIR}/gRPC/GRPCClient.framework",
				"${BUILT_PRODUCTS_DIR}/gRPC-C++/grpcpp.framework",
				"${BUILT_PRODUCTS_DIR}/gRPC-Core/grpc.framework",
				"${BUILT_PRODUCTS_DIR}/gRPC-ProtoRPC/ProtoRPC.framework",
				"${BUILT_PRODUCTS_DIR}/gRPC-RxLibrary/RxLibrary.framework",
				"${BUILT_PRODUCTS_DIR}/leveldb-library/leveldb.framework",
				"${BUILT_PRODUCTS_DIR}/nanopb/nanopb.framework",
			);
			name = "[CP] Embed Pods Frameworks";
			outputPaths = (
				"${TARGET_BUILD_DIR}/${FRAMEWORKS_FOLDER_PATH}/openssl_grpc.framework",
				"${TARGET_BUILD_DIR}/${FRAMEWORKS_FOLDER_PATH}/GTMSessionFetcher.framework",
				"${TARGET_BUILD_DIR}/${FRAMEWORKS_FOLDER_PATH}/GoogleUtilities.framework",
				"${TARGET_BUILD_DIR}/${FRAMEWORKS_FOLDER_PATH}/JGProgressHUD.framework",
				"${TARGET_BUILD_DIR}/${FRAMEWORKS_FOLDER_PATH}/Protobuf.framework",
				"${TARGET_BUILD_DIR}/${FRAMEWORKS_FOLDER_PATH}/SDWebImage.framework",
				"${TARGET_BUILD_DIR}/${FRAMEWORKS_FOLDER_PATH}/GRPCClient.framework",
				"${TARGET_BUILD_DIR}/${FRAMEWORKS_FOLDER_PATH}/grpcpp.framework",
				"${TARGET_BUILD_DIR}/${FRAMEWORKS_FOLDER_PATH}/grpc.framework",
				"${TARGET_BUILD_DIR}/${FRAMEWORKS_FOLDER_PATH}/ProtoRPC.framework",
				"${TARGET_BUILD_DIR}/${FRAMEWORKS_FOLDER_PATH}/RxLibrary.framework",
				"${TARGET_BUILD_DIR}/${FRAMEWORKS_FOLDER_PATH}/leveldb.framework",
				"${TARGET_BUILD_DIR}/${FRAMEWORKS_FOLDER_PATH}/nanopb.framework",
			);
			runOnlyForDeploymentPostprocessing = 0;
			shellPath = /bin/sh;
			shellScript = "\"${SRCROOT}/Pods/Target Support Files/Pods-MealPlanner/Pods-MealPlanner-frameworks.sh\"\n";
			showEnvVarsInLog = 0;
		};
		AB7C023701A6819536E184E2 /* [CP] Check Pods Manifest.lock */ = {
			isa = PBXShellScriptBuildPhase;
			buildActionMask = 2147483647;
			files = (
			);
			inputPaths = (
				"${PODS_PODFILE_DIR_PATH}/Podfile.lock",
				"${PODS_ROOT}/Manifest.lock",
			);
			name = "[CP] Check Pods Manifest.lock";
			outputPaths = (
				"$(DERIVED_FILE_DIR)/Pods-MealPlannerTests-checkManifestLockResult.txt",
			);
			runOnlyForDeploymentPostprocessing = 0;
			shellPath = /bin/sh;
			shellScript = "diff \"${PODS_PODFILE_DIR_PATH}/Podfile.lock\" \"${PODS_ROOT}/Manifest.lock\" > /dev/null\nif [ $? != 0 ] ; then\n    # print error to STDERR\n    echo \"error: The sandbox is not in sync with the Podfile.lock. Run 'pod install' or update your CocoaPods installation.\" >&2\n    exit 1\nfi\n# This output is used by Xcode 'outputs' to avoid re-running this script phase.\necho \"SUCCESS\" > \"${SCRIPT_OUTPUT_FILE_0}\"\n";
			showEnvVarsInLog = 0;
		};
		FA0ABC23395820DEB8EDD1CC /* [CP] Check Pods Manifest.lock */ = {
			isa = PBXShellScriptBuildPhase;
			buildActionMask = 2147483647;
			files = (
			);
			inputPaths = (
				"${PODS_PODFILE_DIR_PATH}/Podfile.lock",
				"${PODS_ROOT}/Manifest.lock",
			);
			name = "[CP] Check Pods Manifest.lock";
			outputPaths = (
				"$(DERIVED_FILE_DIR)/Pods-MealPlannerUITests-checkManifestLockResult.txt",
			);
			runOnlyForDeploymentPostprocessing = 0;
			shellPath = /bin/sh;
			shellScript = "diff \"${PODS_PODFILE_DIR_PATH}/Podfile.lock\" \"${PODS_ROOT}/Manifest.lock\" > /dev/null\nif [ $? != 0 ] ; then\n    # print error to STDERR\n    echo \"error: The sandbox is not in sync with the Podfile.lock. Run 'pod install' or update your CocoaPods installation.\" >&2\n    exit 1\nfi\n# This output is used by Xcode 'outputs' to avoid re-running this script phase.\necho \"SUCCESS\" > \"${SCRIPT_OUTPUT_FILE_0}\"\n";
			showEnvVarsInLog = 0;
		};
/* End PBXShellScriptBuildPhase section */

/* Begin PBXSourcesBuildPhase section */
		C0FAA0D9223AD0FF00107622 /* Sources */ = {
			isa = PBXSourcesBuildPhase;
			buildActionMask = 2147483647;
			files = (
				C0FAA11A223B119C00107622 /* HomeTopNavStackView.swift in Sources */,
				C0FAA0E9223AD0FF00107622 /* MealPlanner.xcdatamodeld in Sources */,
				C0FAA123223B677C00107622 /* RecipeCardViewModel.swift in Sources */,
				C0FAA0E3223AD0FF00107622 /* ViewController.swift in Sources */,
				C0FAA118223AFB1A00107622 /* Extensions+UIView.swift in Sources */,
				C0FAA11C223B36EB00107622 /* RecipeCardView.swift in Sources */,
				C0FAA11F223B59EE00107622 /* User.swift in Sources */,
				C0FAA115223AF77B00107622 /* HomeBottomControlsStackView.swift in Sources */,
				C0FAA12D223D619D00107622 /* Bindable.swift in Sources */,
				C0FAA127223C429F00107622 /* CustomTextField.swift in Sources */,
				C0FAA129223C8CEC00107622 /* RegistrationViewModel.swift in Sources */,
				C0FAA125223C36B100107622 /* UserRegistrationViewController.swift in Sources */,
				C0FAA0E1223AD0FF00107622 /* AppDelegate.swift in Sources */,
				C0FAA112223ADF6E00107622 /* Recipe.swift in Sources */,
			);
			runOnlyForDeploymentPostprocessing = 0;
		};
		C0FAA0F0223AD10000107622 /* Sources */ = {
			isa = PBXSourcesBuildPhase;
			buildActionMask = 2147483647;
			files = (
				C0FAA0F9223AD10000107622 /* MealPlannerTests.swift in Sources */,
			);
			runOnlyForDeploymentPostprocessing = 0;
		};
		C0FAA0FB223AD10000107622 /* Sources */ = {
			isa = PBXSourcesBuildPhase;
			buildActionMask = 2147483647;
			files = (
				C0FAA104223AD10100107622 /* MealPlannerUITests.swift in Sources */,
			);
			runOnlyForDeploymentPostprocessing = 0;
		};
/* End PBXSourcesBuildPhase section */

/* Begin PBXTargetDependency section */
		C0FAA0F6223AD10000107622 /* PBXTargetDependency */ = {
			isa = PBXTargetDependency;
			target = C0FAA0DC223AD0FF00107622 /* MealPlanner */;
			targetProxy = C0FAA0F5223AD10000107622 /* PBXContainerItemProxy */;
		};
		C0FAA101223AD10000107622 /* PBXTargetDependency */ = {
			isa = PBXTargetDependency;
			target = C0FAA0DC223AD0FF00107622 /* MealPlanner */;
			targetProxy = C0FAA100223AD10000107622 /* PBXContainerItemProxy */;
		};
/* End PBXTargetDependency section */

/* Begin PBXVariantGroup section */
		C0FAA0E4223AD0FF00107622 /* Main.storyboard */ = {
			isa = PBXVariantGroup;
			children = (
				C0FAA0E5223AD0FF00107622 /* Base */,
			);
			name = Main.storyboard;
			sourceTree = "<group>";
		};
		C0FAA0EC223AD10000107622 /* LaunchScreen.storyboard */ = {
			isa = PBXVariantGroup;
			children = (
				C0FAA0ED223AD10000107622 /* Base */,
			);
			name = LaunchScreen.storyboard;
			sourceTree = "<group>";
		};
/* End PBXVariantGroup section */

/* Begin XCBuildConfiguration section */
		C0FAA106223AD10100107622 /* Debug */ = {
			isa = XCBuildConfiguration;
			buildSettings = {
				ALWAYS_SEARCH_USER_PATHS = NO;
				CLANG_ANALYZER_NONNULL = YES;
				CLANG_ANALYZER_NUMBER_OBJECT_CONVERSION = YES_AGGRESSIVE;
				CLANG_CXX_LANGUAGE_STANDARD = "gnu++14";
				CLANG_CXX_LIBRARY = "libc++";
				CLANG_ENABLE_MODULES = YES;
				CLANG_ENABLE_OBJC_ARC = YES;
				CLANG_ENABLE_OBJC_WEAK = YES;
				CLANG_WARN_BLOCK_CAPTURE_AUTORELEASING = YES;
				CLANG_WARN_BOOL_CONVERSION = YES;
				CLANG_WARN_COMMA = YES;
				CLANG_WARN_CONSTANT_CONVERSION = YES;
				CLANG_WARN_DEPRECATED_OBJC_IMPLEMENTATIONS = YES;
				CLANG_WARN_DIRECT_OBJC_ISA_USAGE = YES_ERROR;
				CLANG_WARN_DOCUMENTATION_COMMENTS = YES;
				CLANG_WARN_EMPTY_BODY = YES;
				CLANG_WARN_ENUM_CONVERSION = YES;
				CLANG_WARN_INFINITE_RECURSION = YES;
				CLANG_WARN_INT_CONVERSION = YES;
				CLANG_WARN_NON_LITERAL_NULL_CONVERSION = YES;
				CLANG_WARN_OBJC_IMPLICIT_RETAIN_SELF = YES;
				CLANG_WARN_OBJC_LITERAL_CONVERSION = YES;
				CLANG_WARN_OBJC_ROOT_CLASS = YES_ERROR;
				CLANG_WARN_RANGE_LOOP_ANALYSIS = YES;
				CLANG_WARN_STRICT_PROTOTYPES = YES;
				CLANG_WARN_SUSPICIOUS_MOVE = YES;
				CLANG_WARN_UNGUARDED_AVAILABILITY = YES_AGGRESSIVE;
				CLANG_WARN_UNREACHABLE_CODE = YES;
				CLANG_WARN__DUPLICATE_METHOD_MATCH = YES;
				CODE_SIGN_IDENTITY = "iPhone Developer";
				COPY_PHASE_STRIP = NO;
				DEBUG_INFORMATION_FORMAT = dwarf;
				ENABLE_STRICT_OBJC_MSGSEND = YES;
				ENABLE_TESTABILITY = YES;
				GCC_C_LANGUAGE_STANDARD = gnu11;
				GCC_DYNAMIC_NO_PIC = NO;
				GCC_NO_COMMON_BLOCKS = YES;
				GCC_OPTIMIZATION_LEVEL = 0;
				GCC_PREPROCESSOR_DEFINITIONS = (
					"DEBUG=1",
					"$(inherited)",
				);
				GCC_WARN_64_TO_32_BIT_CONVERSION = YES;
				GCC_WARN_ABOUT_RETURN_TYPE = YES_ERROR;
				GCC_WARN_UNDECLARED_SELECTOR = YES;
				GCC_WARN_UNINITIALIZED_AUTOS = YES_AGGRESSIVE;
				GCC_WARN_UNUSED_FUNCTION = YES;
				GCC_WARN_UNUSED_VARIABLE = YES;
				IPHONEOS_DEPLOYMENT_TARGET = 12.1;
				MTL_ENABLE_DEBUG_INFO = INCLUDE_SOURCE;
				MTL_FAST_MATH = YES;
				ONLY_ACTIVE_ARCH = YES;
				SDKROOT = iphoneos;
				SWIFT_ACTIVE_COMPILATION_CONDITIONS = DEBUG;
				SWIFT_OPTIMIZATION_LEVEL = "-Onone";
			};
			name = Debug;
		};
		C0FAA107223AD10100107622 /* Release */ = {
			isa = XCBuildConfiguration;
			buildSettings = {
				ALWAYS_SEARCH_USER_PATHS = NO;
				CLANG_ANALYZER_NONNULL = YES;
				CLANG_ANALYZER_NUMBER_OBJECT_CONVERSION = YES_AGGRESSIVE;
				CLANG_CXX_LANGUAGE_STANDARD = "gnu++14";
				CLANG_CXX_LIBRARY = "libc++";
				CLANG_ENABLE_MODULES = YES;
				CLANG_ENABLE_OBJC_ARC = YES;
				CLANG_ENABLE_OBJC_WEAK = YES;
				CLANG_WARN_BLOCK_CAPTURE_AUTORELEASING = YES;
				CLANG_WARN_BOOL_CONVERSION = YES;
				CLANG_WARN_COMMA = YES;
				CLANG_WARN_CONSTANT_CONVERSION = YES;
				CLANG_WARN_DEPRECATED_OBJC_IMPLEMENTATIONS = YES;
				CLANG_WARN_DIRECT_OBJC_ISA_USAGE = YES_ERROR;
				CLANG_WARN_DOCUMENTATION_COMMENTS = YES;
				CLANG_WARN_EMPTY_BODY = YES;
				CLANG_WARN_ENUM_CONVERSION = YES;
				CLANG_WARN_INFINITE_RECURSION = YES;
				CLANG_WARN_INT_CONVERSION = YES;
				CLANG_WARN_NON_LITERAL_NULL_CONVERSION = YES;
				CLANG_WARN_OBJC_IMPLICIT_RETAIN_SELF = YES;
				CLANG_WARN_OBJC_LITERAL_CONVERSION = YES;
				CLANG_WARN_OBJC_ROOT_CLASS = YES_ERROR;
				CLANG_WARN_RANGE_LOOP_ANALYSIS = YES;
				CLANG_WARN_STRICT_PROTOTYPES = YES;
				CLANG_WARN_SUSPICIOUS_MOVE = YES;
				CLANG_WARN_UNGUARDED_AVAILABILITY = YES_AGGRESSIVE;
				CLANG_WARN_UNREACHABLE_CODE = YES;
				CLANG_WARN__DUPLICATE_METHOD_MATCH = YES;
				CODE_SIGN_IDENTITY = "iPhone Developer";
				COPY_PHASE_STRIP = NO;
				DEBUG_INFORMATION_FORMAT = "dwarf-with-dsym";
				ENABLE_NS_ASSERTIONS = NO;
				ENABLE_STRICT_OBJC_MSGSEND = YES;
				GCC_C_LANGUAGE_STANDARD = gnu11;
				GCC_NO_COMMON_BLOCKS = YES;
				GCC_WARN_64_TO_32_BIT_CONVERSION = YES;
				GCC_WARN_ABOUT_RETURN_TYPE = YES_ERROR;
				GCC_WARN_UNDECLARED_SELECTOR = YES;
				GCC_WARN_UNINITIALIZED_AUTOS = YES_AGGRESSIVE;
				GCC_WARN_UNUSED_FUNCTION = YES;
				GCC_WARN_UNUSED_VARIABLE = YES;
				IPHONEOS_DEPLOYMENT_TARGET = 12.1;
				MTL_ENABLE_DEBUG_INFO = NO;
				MTL_FAST_MATH = YES;
				SDKROOT = iphoneos;
				SWIFT_COMPILATION_MODE = wholemodule;
				SWIFT_OPTIMIZATION_LEVEL = "-O";
				VALIDATE_PRODUCT = YES;
			};
			name = Release;
		};
		C0FAA109223AD10100107622 /* Debug */ = {
			isa = XCBuildConfiguration;
			baseConfigurationReference = A92BB695AE8C5C00DE3A7FDF /* Pods-MealPlanner.debug.xcconfig */;
			buildSettings = {
				ASSETCATALOG_COMPILER_APPICON_NAME = AppIcon;
				CODE_SIGN_STYLE = Automatic;
				INFOPLIST_FILE = MealPlanner/Info.plist;
				LD_RUNPATH_SEARCH_PATHS = (
					"$(inherited)",
					"@executable_path/Frameworks",
				);
				PRODUCT_BUNDLE_IDENTIFIER = "zmill005-odu.edu.MealPlanner";
				PRODUCT_NAME = "$(TARGET_NAME)";
				SWIFT_VERSION = 4.2;
				TARGETED_DEVICE_FAMILY = "1,2";
			};
			name = Debug;
		};
		C0FAA10A223AD10100107622 /* Release */ = {
			isa = XCBuildConfiguration;
			baseConfigurationReference = 98CB30CB1928837DBD6436BA /* Pods-MealPlanner.release.xcconfig */;
			buildSettings = {
				ASSETCATALOG_COMPILER_APPICON_NAME = AppIcon;
				CODE_SIGN_STYLE = Automatic;
				INFOPLIST_FILE = MealPlanner/Info.plist;
				LD_RUNPATH_SEARCH_PATHS = (
					"$(inherited)",
					"@executable_path/Frameworks",
				);
				PRODUCT_BUNDLE_IDENTIFIER = "zmill005-odu.edu.MealPlanner";
				PRODUCT_NAME = "$(TARGET_NAME)";
				SWIFT_VERSION = 4.2;
				TARGETED_DEVICE_FAMILY = "1,2";
			};
			name = Release;
		};
		C0FAA10C223AD10100107622 /* Debug */ = {
			isa = XCBuildConfiguration;
			baseConfigurationReference = 486A15C7A309A0DD3A0D9460 /* Pods-MealPlannerTests.debug.xcconfig */;
			buildSettings = {
				ALWAYS_EMBED_SWIFT_STANDARD_LIBRARIES = YES;
				BUNDLE_LOADER = "$(TEST_HOST)";
				CODE_SIGN_STYLE = Automatic;
				INFOPLIST_FILE = MealPlannerTests/Info.plist;
				LD_RUNPATH_SEARCH_PATHS = (
					"$(inherited)",
					"@executable_path/Frameworks",
					"@loader_path/Frameworks",
				);
				PRODUCT_BUNDLE_IDENTIFIER = "zmill005-odu.edu.MealPlannerTests";
				PRODUCT_NAME = "$(TARGET_NAME)";
				SWIFT_VERSION = 4.2;
				TARGETED_DEVICE_FAMILY = "1,2";
				TEST_HOST = "$(BUILT_PRODUCTS_DIR)/MealPlanner.app/MealPlanner";
			};
			name = Debug;
		};
		C0FAA10D223AD10100107622 /* Release */ = {
			isa = XCBuildConfiguration;
			baseConfigurationReference = 4C545228835D837FCAB4D871 /* Pods-MealPlannerTests.release.xcconfig */;
			buildSettings = {
				ALWAYS_EMBED_SWIFT_STANDARD_LIBRARIES = YES;
				BUNDLE_LOADER = "$(TEST_HOST)";
				CODE_SIGN_STYLE = Automatic;
				INFOPLIST_FILE = MealPlannerTests/Info.plist;
				LD_RUNPATH_SEARCH_PATHS = (
					"$(inherited)",
					"@executable_path/Frameworks",
					"@loader_path/Frameworks",
				);
				PRODUCT_BUNDLE_IDENTIFIER = "zmill005-odu.edu.MealPlannerTests";
				PRODUCT_NAME = "$(TARGET_NAME)";
				SWIFT_VERSION = 4.2;
				TARGETED_DEVICE_FAMILY = "1,2";
				TEST_HOST = "$(BUILT_PRODUCTS_DIR)/MealPlanner.app/MealPlanner";
			};
			name = Release;
		};
		C0FAA10F223AD10100107622 /* Debug */ = {
			isa = XCBuildConfiguration;
			baseConfigurationReference = 7872F6B380DA9A753FFAAFE2 /* Pods-MealPlannerUITests.debug.xcconfig */;
			buildSettings = {
				ALWAYS_EMBED_SWIFT_STANDARD_LIBRARIES = YES;
				CODE_SIGN_STYLE = Automatic;
				INFOPLIST_FILE = MealPlannerUITests/Info.plist;
				LD_RUNPATH_SEARCH_PATHS = (
					"$(inherited)",
					"@executable_path/Frameworks",
					"@loader_path/Frameworks",
				);
				PRODUCT_BUNDLE_IDENTIFIER = "zmill005-odu.edu.MealPlannerUITests";
				PRODUCT_NAME = "$(TARGET_NAME)";
				SWIFT_VERSION = 4.2;
				TARGETED_DEVICE_FAMILY = "1,2";
				TEST_TARGET_NAME = MealPlanner;
			};
			name = Debug;
		};
		C0FAA110223AD10100107622 /* Release */ = {
			isa = XCBuildConfiguration;
			baseConfigurationReference = DD26263407B2B548BBC78061 /* Pods-MealPlannerUITests.release.xcconfig */;
			buildSettings = {
				ALWAYS_EMBED_SWIFT_STANDARD_LIBRARIES = YES;
				CODE_SIGN_STYLE = Automatic;
				INFOPLIST_FILE = MealPlannerUITests/Info.plist;
				LD_RUNPATH_SEARCH_PATHS = (
					"$(inherited)",
					"@executable_path/Frameworks",
					"@loader_path/Frameworks",
				);
				PRODUCT_BUNDLE_IDENTIFIER = "zmill005-odu.edu.MealPlannerUITests";
				PRODUCT_NAME = "$(TARGET_NAME)";
				SWIFT_VERSION = 4.2;
				TARGETED_DEVICE_FAMILY = "1,2";
				TEST_TARGET_NAME = MealPlanner;
			};
			name = Release;
		};
/* End XCBuildConfiguration section */

/* Begin XCConfigurationList section */
		C0FAA0D8223AD0FF00107622 /* Build configuration list for PBXProject "MealPlanner" */ = {
			isa = XCConfigurationList;
			buildConfigurations = (
				C0FAA106223AD10100107622 /* Debug */,
				C0FAA107223AD10100107622 /* Release */,
			);
			defaultConfigurationIsVisible = 0;
			defaultConfigurationName = Release;
		};
		C0FAA108223AD10100107622 /* Build configuration list for PBXNativeTarget "MealPlanner" */ = {
			isa = XCConfigurationList;
			buildConfigurations = (
				C0FAA109223AD10100107622 /* Debug */,
				C0FAA10A223AD10100107622 /* Release */,
			);
			defaultConfigurationIsVisible = 0;
			defaultConfigurationName = Release;
		};
		C0FAA10B223AD10100107622 /* Build configuration list for PBXNativeTarget "MealPlannerTests" */ = {
			isa = XCConfigurationList;
			buildConfigurations = (
				C0FAA10C223AD10100107622 /* Debug */,
				C0FAA10D223AD10100107622 /* Release */,
			);
			defaultConfigurationIsVisible = 0;
			defaultConfigurationName = Release;
		};
		C0FAA10E223AD10100107622 /* Build configuration list for PBXNativeTarget "MealPlannerUITests" */ = {
			isa = XCConfigurationList;
			buildConfigurations = (
				C0FAA10F223AD10100107622 /* Debug */,
				C0FAA110223AD10100107622 /* Release */,
			);
			defaultConfigurationIsVisible = 0;
			defaultConfigurationName = Release;
		};
/* End XCConfigurationList section */

/* Begin XCVersionGroup section */
		C0FAA0E7223AD0FF00107622 /* MealPlanner.xcdatamodeld */ = {
			isa = XCVersionGroup;
			children = (
				C0FAA0E8223AD0FF00107622 /* MealPlanner.xcdatamodel */,
			);
			currentVersion = C0FAA0E8223AD0FF00107622 /* MealPlanner.xcdatamodel */;
			path = MealPlanner.xcdatamodeld;
			sourceTree = "<group>";
			versionGroupType = wrapper.xcdatamodel;
		};
/* End XCVersionGroup section */
	};
	rootObject = C0FAA0D5223AD0FF00107622 /* Project object */;
}
